
Microsoft Visual Studio Solution File, Format Version 12.00
# Visual Studio Version 16
VisualStudioVersion = 16.0.30413.136
MinimumVisualStudioVersion = 10.0.40219.1
Project("{FAE04EC0-301F-11D3-BF4B-00C04F79EFBC}") = "Delegados", "Delegados\Delegados.csproj", "{DD604C3B-B2FA-483C-8035-366928A83E31}"
EndProject
Global
	GlobalSection(SolutionConfigurationPlatforms) = preSolution
		Debug|Any CPU = Debug|Any CPU
		Release|Any CPU = Release|Any CPU
	EndGlobalSection
	GlobalSection(ProjectConfigurationPlatforms) = postSolution
		{DD604C3B-B2FA-483C-8035-366928A83E31}.Debug|Any CPU.ActiveCfg = Debug|Any CPU
		{DD604C3B-B2FA-483C-8035-366928A83E31}.Debug|Any CPU.Build.0 = Debug|Any CPU
		{DD604C3B-B2FA-483C-8035-366928A83E31}.Release|Any CPU.ActiveCfg = Release|Any CPU
		{DD604C3B-B2FA-483C-8035-366928A83E31}.Release|Any CPU.Build.0 = Release|Any CPU
	EndGlobalSection
	GlobalSection(SolutionProperties) = preSolution
		HideSolutionNode = FALSE
	EndGlobalSection
	GlobalSection(ExtensibilityGlobals) = postSolution
		SolutionGuid = {57C15F0C-64A1-4B7C-9E0C-7569B5D168AE}
	EndGlobalSection
EndGlobal
